
Microsoft Visual Studio Solution File, Format Version 12.00
# Visual Studio Version 17
VisualStudioVersion = 17.8.34004.107
MinimumVisualStudioVersion = 10.0.40219.1
Project("{FAE04EC0-301F-11D3-BF4B-00C04F79EFBC}") = "Estate_Api", "Estate_Api\Estate_Api.csproj", "{1A336AB2-2AB7-43EB-AA38-33E22DBD0DB0}"
EndProject
Project("{FAE04EC0-301F-11D3-BF4B-00C04F79EFBC}") = "Estate_UI", "Estate_UI\Estate_UI.csproj", "{597BD8A8-6F14-4615-85DE-FA5F3D56D956}"
EndProject
Global
	GlobalSection(SolutionConfigurationPlatforms) = preSolution
		Debug|Any CPU = Debug|Any CPU
		Release|Any CPU = Release|Any CPU
	EndGlobalSection
	GlobalSection(ProjectConfigurationPlatforms) = postSolution
		{1A336AB2-2AB7-43EB-AA38-33E22DBD0DB0}.Debug|Any CPU.ActiveCfg = Debug|Any CPU
		{1A336AB2-2AB7-43EB-AA38-33E22DBD0DB0}.Debug|Any CPU.Build.0 = Debug|Any CPU
		{1A336AB2-2AB7-43EB-AA38-33E22DBD0DB0}.Release|Any CPU.ActiveCfg = Release|Any CPU
		{1A336AB2-2AB7-43EB-AA38-33E22DBD0DB0}.Release|Any CPU.Build.0 = Release|Any CPU
		{597BD8A8-6F14-4615-85DE-FA5F3D56D956}.Debug|Any CPU.ActiveCfg = Debug|Any CPU
		{597BD8A8-6F14-4615-85DE-FA5F3D56D956}.Debug|Any CPU.Build.0 = Debug|Any CPU
		{597BD8A8-6F14-4615-85DE-FA5F3D56D956}.Release|Any CPU.ActiveCfg = Release|Any CPU
		{597BD8A8-6F14-4615-85DE-FA5F3D56D956}.Release|Any CPU.Build.0 = Release|Any CPU
	EndGlobalSection
	GlobalSection(SolutionProperties) = preSolution
		HideSolutionNode = FALSE
	EndGlobalSection
	GlobalSection(ExtensibilityGlobals) = postSolution
		SolutionGuid = {7CAC8513-C788-4696-9CF2-FCD81CB98382}
	EndGlobalSection
EndGlobal
